
Microsoft Visual Studio Solution File, Format Version 12.00
# Visual Studio 15
VisualStudioVersion = 15.0.27004.2010
MinimumVisualStudioVersion = 10.0.40219.1
Project("{9A19103F-16F7-4668-BE54-9A1E7A4F7556}") = "CosmosDB.Documents.API", "CosmosDB.Web\CosmosDB.Documents.API.csproj", "{0919B6DE-2838-492E-A8DD-0F48A259C46E}"
EndProject
Project("{2150E333-8FDC-42A3-9474-1A3956D46DE8}") = "DocumentDB", "DocumentDB", "{192069EA-8BAB-453B-BC77-D363B9A9F62C}"
EndProject
Project("{9A19103F-16F7-4668-BE54-9A1E7A4F7556}") = "DocumentDB.Data", "DocumentDB\Data\DocumentDB.Data.csproj", "{3CEF015E-098B-4FB8-AA0B-42245BBEDE36}"
EndProject
Project("{2150E333-8FDC-42A3-9474-1A3956D46DE8}") = "Table", "Table", "{CE001609-049F-48C2-BA0B-1443B281C661}"
EndProject
Project("{FAE04EC0-301F-11D3-BF4B-00C04F79EFBC}") = "Table.Data", "Table\Storage\Table.Data.csproj", "{80BE26DC-18EE-45CE-8146-135DF81BBCE8}"
EndProject
Project("{FAE04EC0-301F-11D3-BF4B-00C04F79EFBC}") = "Cosmos.Table.API", "API\Cosmos.Table.API.csproj", "{12557679-CD21-4DF0-90D3-7422A23CD785}"
EndProject
Global
	GlobalSection(SolutionConfigurationPlatforms) = preSolution
		Debug|Any CPU = Debug|Any CPU
		Release|Any CPU = Release|Any CPU
	EndGlobalSection
	GlobalSection(ProjectConfigurationPlatforms) = postSolution
		{0919B6DE-2838-492E-A8DD-0F48A259C46E}.Debug|Any CPU.ActiveCfg = Debug|Any CPU
		{0919B6DE-2838-492E-A8DD-0F48A259C46E}.Debug|Any CPU.Build.0 = Debug|Any CPU
		{0919B6DE-2838-492E-A8DD-0F48A259C46E}.Release|Any CPU.ActiveCfg = Release|Any CPU
		{0919B6DE-2838-492E-A8DD-0F48A259C46E}.Release|Any CPU.Build.0 = Release|Any CPU
		{3CEF015E-098B-4FB8-AA0B-42245BBEDE36}.Debug|Any CPU.ActiveCfg = Debug|Any CPU
		{3CEF015E-098B-4FB8-AA0B-42245BBEDE36}.Debug|Any CPU.Build.0 = Debug|Any CPU
		{3CEF015E-098B-4FB8-AA0B-42245BBEDE36}.Release|Any CPU.ActiveCfg = Release|Any CPU
		{3CEF015E-098B-4FB8-AA0B-42245BBEDE36}.Release|Any CPU.Build.0 = Release|Any CPU
		{80BE26DC-18EE-45CE-8146-135DF81BBCE8}.Debug|Any CPU.ActiveCfg = Debug|Any CPU
		{80BE26DC-18EE-45CE-8146-135DF81BBCE8}.Debug|Any CPU.Build.0 = Debug|Any CPU
		{80BE26DC-18EE-45CE-8146-135DF81BBCE8}.Release|Any CPU.ActiveCfg = Release|Any CPU
		{80BE26DC-18EE-45CE-8146-135DF81BBCE8}.Release|Any CPU.Build.0 = Release|Any CPU
		{12557679-CD21-4DF0-90D3-7422A23CD785}.Debug|Any CPU.ActiveCfg = Debug|Any CPU
		{12557679-CD21-4DF0-90D3-7422A23CD785}.Debug|Any CPU.Build.0 = Debug|Any CPU
		{12557679-CD21-4DF0-90D3-7422A23CD785}.Release|Any CPU.ActiveCfg = Release|Any CPU
		{12557679-CD21-4DF0-90D3-7422A23CD785}.Release|Any CPU.Build.0 = Release|Any CPU
	EndGlobalSection
	GlobalSection(SolutionProperties) = preSolution
		HideSolutionNode = FALSE
	EndGlobalSection
	GlobalSection(NestedProjects) = preSolution
		{3CEF015E-098B-4FB8-AA0B-42245BBEDE36} = {192069EA-8BAB-453B-BC77-D363B9A9F62C}
		{80BE26DC-18EE-45CE-8146-135DF81BBCE8} = {CE001609-049F-48C2-BA0B-1443B281C661}
	EndGlobalSection
	GlobalSection(ExtensibilityGlobals) = postSolution
		SolutionGuid = {650EDEEA-E34D-4DA7-BC81-BC1919EC85D2}
	EndGlobalSection
EndGlobal
